
Microsoft Visual Studio Solution File, Format Version 12.00
# Visual Studio Version 16
VisualStudioVersion = 16.0.31702.278
MinimumVisualStudioVersion = 10.0.40219.1
Project("{FAE04EC0-301F-11D3-BF4B-00C04F79EFBC}") = "BirthdayApp", "BirthdayApp\BirthdayApp.csproj", "{79F2D663-4B1E-4931-9B26-65488FF8DCE7}"
EndProject
Project("{FAE04EC0-301F-11D3-BF4B-00C04F79EFBC}") = "JQueryApp", "JQueryApp\JQueryApp.csproj", "{6BD35F0F-29C6-4692-B35F-5A9F58387E97}"
EndProject
Global
	GlobalSection(SolutionConfigurationPlatforms) = preSolution
		Debug|Any CPU = Debug|Any CPU
		Release|Any CPU = Release|Any CPU
	EndGlobalSection
	GlobalSection(ProjectConfigurationPlatforms) = postSolution
		{79F2D663-4B1E-4931-9B26-65488FF8DCE7}.Debug|Any CPU.ActiveCfg = Debug|Any CPU
		{79F2D663-4B1E-4931-9B26-65488FF8DCE7}.Debug|Any CPU.Build.0 = Debug|Any CPU
		{79F2D663-4B1E-4931-9B26-65488FF8DCE7}.Release|Any CPU.ActiveCfg = Release|Any CPU
		{79F2D663-4B1E-4931-9B26-65488FF8DCE7}.Release|Any CPU.Build.0 = Release|Any CPU
		{6BD35F0F-29C6-4692-B35F-5A9F58387E97}.Debug|Any CPU.ActiveCfg = Debug|Any CPU
		{6BD35F0F-29C6-4692-B35F-5A9F58387E97}.Debug|Any CPU.Build.0 = Debug|Any CPU
		{6BD35F0F-29C6-4692-B35F-5A9F58387E97}.Release|Any CPU.ActiveCfg = Release|Any CPU
		{6BD35F0F-29C6-4692-B35F-5A9F58387E97}.Release|Any CPU.Build.0 = Release|Any CPU
	EndGlobalSection
	GlobalSection(SolutionProperties) = preSolution
		HideSolutionNode = FALSE
	EndGlobalSection
	GlobalSection(ExtensibilityGlobals) = postSolution
		SolutionGuid = {8875689C-BE24-47C6-9F81-7EB795ABA5D3}
	EndGlobalSection
EndGlobal
